
Microsoft Visual Studio Solution File, Format Version 12.00
# Visual Studio Version 16
VisualStudioVersion = 16.0.32002.261
MinimumVisualStudioVersion = 10.0.40219.1
Project("{FAE04EC0-301F-11D3-BF4B-00C04F79EFBC}") = "EntradaDeDados_CSharp-02", "EntradaDeDados_CSharp-02\EntradaDeDados_CSharp-02.csproj", "{D0EF7424-FC65-4AAA-AD6A-77E50E738AE1}"
EndProject
Global
	GlobalSection(SolutionConfigurationPlatforms) = preSolution
		Debug|Any CPU = Debug|Any CPU
		Release|Any CPU = Release|Any CPU
	EndGlobalSection
	GlobalSection(ProjectConfigurationPlatforms) = postSolution
		{D0EF7424-FC65-4AAA-AD6A-77E50E738AE1}.Debug|Any CPU.ActiveCfg = Debug|Any CPU
		{D0EF7424-FC65-4AAA-AD6A-77E50E738AE1}.Debug|Any CPU.Build.0 = Debug|Any CPU
		{D0EF7424-FC65-4AAA-AD6A-77E50E738AE1}.Release|Any CPU.ActiveCfg = Release|Any CPU
		{D0EF7424-FC65-4AAA-AD6A-77E50E738AE1}.Release|Any CPU.Build.0 = Release|Any CPU
	EndGlobalSection
	GlobalSection(SolutionProperties) = preSolution
		HideSolutionNode = FALSE
	EndGlobalSection
	GlobalSection(ExtensibilityGlobals) = postSolution
		SolutionGuid = {F7221F7B-FEC5-4205-8154-A61445685B62}
	EndGlobalSection
EndGlobal
